lockVersion: 2.0.0
id: 86c3d175-3018-4ca2-b1cf-b40a57752c44
management:
  docChecksum: bd32215591e3a4d83fe2c9a136049547
  docVersion: 1.0.0
  speakeasyVersion: 1.227.0
  generationVersion: 2.291.0
  releaseVersion: 3.2.2
  configChecksum: 3740a663d772df0f799773b34e3ea1b1
  repoURL: https://github.com/speakeasy-sdks/spost-golang.git
  repoSubDirectory: .
  installationURL: https://github.com/speakeasy-sdks/spost-golang
  published: true
features:
  go:
    core: 3.4.5
    flattening: 2.81.1
    globalServerURLs: 2.82.2
    responseFormat: 0.1.0
generatedFiles:
  - subaccountemail.go
  - sendpost.go
  - go.mod
  - pkg/models/sdkerrors/sdkerror.go
  - pkg/types/bigint.go
  - pkg/types/date.go
  - pkg/types/datetime.go
  - pkg/types/decimal.go
  - pkg/types/pointers.go
  - pkg/utils/contenttype.go
  - pkg/utils/form.go
  - pkg/utils/headers.go
  - pkg/utils/json.go
  - pkg/utils/pathparams.go
  - pkg/utils/queryparams.go
  - pkg/utils/requestbody.go
  - pkg/utils/retries.go
  - pkg/utils/security.go
  - pkg/utils/utils.go
  - /pkg/models/operations/emailroutersendemail.go
  - /pkg/models/operations/emailroutersendemailwithtemplate.go
  - /pkg/models/shared/modelsemailresponse.go
  - /pkg/models/shared/modelsemailerrorcode.go
  - /pkg/models/shared/modelsemailmessage.go
  - /pkg/models/shared/modelsto.go
  - /pkg/models/shared/modelscopyto.go
  - /pkg/models/shared/modelsreplyto.go
  - /pkg/models/shared/modelsfrom.go
  - /pkg/models/shared/modelsattachment.go
  - docs/pkg/models/operations/emailroutersendemailrequest.md
  - docs/pkg/models/operations/emailroutersendemailresponse.md
  - docs/pkg/models/operations/emailroutersendemailwithtemplaterequest.md
  - docs/pkg/models/operations/emailroutersendemailwithtemplateresponse.md
  - docs/pkg/models/shared/modelsemailresponse.md
  - docs/pkg/models/shared/modelsemailerrorcode.md
  - docs/pkg/models/shared/groups.md
  - docs/pkg/models/shared/headers.md
  - docs/pkg/models/shared/modelsemailmessage.md
  - docs/pkg/models/shared/modelstocustomfields.md
  - docs/pkg/models/shared/modelsto.md
  - docs/pkg/models/shared/customfields.md
  - docs/pkg/models/shared/modelscopyto.md
  - docs/pkg/models/shared/modelsreplyto.md
  - docs/pkg/models/shared/modelsfrom.md
  - docs/pkg/models/shared/modelsattachment.md
  - docs/sdks/sendpost/README.md
  - docs/sdks/subaccountemail/README.md
  - USAGE.md
  - .gitattributes
  - internal/hooks/hooks.go
